
Microsoft Visual Studio Solution File, Format Version 12.00
# Visual Studio Version 17
VisualStudioVersion = 17.9.34701.34
MinimumVisualStudioVersion = 10.0.40219.1
Project("{FAE04EC0-301F-11D3-BF4B-00C04F79EFBC}") = "BackgroundDemo", "BackgroundDemo.csproj", "{7EC0D8A6-C03C-4F32-B951-6F06E1631ABD}"
EndProject
Global
	GlobalSection(SolutionConfigurationPlatforms) = preSolution
		Debug|Any CPU = Debug|Any CPU
		Release|Any CPU = Release|Any CPU
	EndGlobalSection
	GlobalSection(ProjectConfigurationPlatforms) = postSolution
		{7EC0D8A6-C03C-4F32-B951-6F06E1631ABD}.Debug|Any CPU.ActiveCfg = Debug|Any CPU
		{7EC0D8A6-C03C-4F32-B951-6F06E1631ABD}.Debug|Any CPU.Build.0 = Debug|Any CPU
		{7EC0D8A6-C03C-4F32-B951-6F06E1631ABD}.Release|Any CPU.ActiveCfg = Release|Any CPU
		{7EC0D8A6-C03C-4F32-B951-6F06E1631ABD}.Release|Any CPU.Build.0 = Release|Any CPU
	EndGlobalSection
	GlobalSection(SolutionProperties) = preSolution
		HideSolutionNode = FALSE
	EndGlobalSection
	GlobalSection(ExtensibilityGlobals) = postSolution
		SolutionGuid = {0ABDC47C-A1C7-49D6-93F3-914A4370CEB1}
	EndGlobalSection
EndGlobal
